// !$*UTF8*$!
{
	archiveVersion = 1;
	classes = {
	};
	objectVersion = 55;
	objects = {

/* Begin PBXBuildFile section */
		3984ABB4A537BCE0BBDB0321 /* Pods_Todoey_Realm.framework in Frameworks */ = {isa = PBXBuildFile; fileRef = 3E4FFA75E98A3D035F71672A /* Pods_Todoey_Realm.framework */; };
		BE2DEAE028894C830011B82E /* SwipeTableVC.swift in Sources */ = {isa = PBXBuildFile; fileRef = BE2DEADF28894C820011B82E /* SwipeTableVC.swift */; };
		BE96A48228880DBC00C1C01D /* AppDelegate.swift in Sources */ = {isa = PBXBuildFile; fileRef = BE96A48128880DBC00C1C01D /* AppDelegate.swift */; };
		BE96A48428880DBC00C1C01D /* SceneDelegate.swift in Sources */ = {isa = PBXBuildFile; fileRef = BE96A48328880DBC00C1C01D /* SceneDelegate.swift */; };
		BE96A48628880DBC00C1C01D /* CategoryTVC.swift in Sources */ = {isa = PBXBuildFile; fileRef = BE96A48528880DBC00C1C01D /* CategoryTVC.swift */; };
		BE96A48928880DBC00C1C01D /* Main.storyboard in Resources */ = {isa = PBXBuildFile; fileRef = BE96A48728880DBC00C1C01D /* Main.storyboard */; };
		BE96A48B28880DBE00C1C01D /* Assets.xcassets in Resources */ = {isa = PBXBuildFile; fileRef = BE96A48A28880DBE00C1C01D /* Assets.xcassets */; };
		BE96A48E28880DBE00C1C01D /* LaunchScreen.storyboard in Resources */ = {isa = PBXBuildFile; fileRef = BE96A48C28880DBE00C1C01D /* LaunchScreen.storyboard */; };
		BE96A49828880EB400C1C01D /* TableView.swift in Sources */ = {isa = PBXBuildFile; fileRef = BE96A49728880EB300C1C01D /* TableView.swift */; };
		BE96A49A28880EE800C1C01D /* Consts.swift in Sources */ = {isa = PBXBuildFile; fileRef = BE96A49928880EE800C1C01D /* Consts.swift */; };
		BE96A49D28880FFB00C1C01D /* Realm in Frameworks */ = {isa = PBXBuildFile; productRef = BE96A49C28880FFB00C1C01D /* Realm */; };
		BE96A49F28880FFB00C1C01D /* RealmSwift in Frameworks */ = {isa = PBXBuildFile; productRef = BE96A49E28880FFB00C1C01D /* RealmSwift */; };
		BE96A4A22888107E00C1C01D /* Item.swift in Sources */ = {isa = PBXBuildFile; fileRef = BE96A4A12888107E00C1C01D /* Item.swift */; };
		BE96A4A42888108600C1C01D /* Category.swift in Sources */ = {isa = PBXBuildFile; fileRef = BE96A4A32888108600C1C01D /* Category.swift */; };
/* End PBXBuildFile section */

/* Begin PBXFileReference section */
		3E4FFA75E98A3D035F71672A /* Pods_Todoey_Realm.framework */ = {isa = PBXFileReference; explicitFileType = wrapper.framework; includeInIndex = 0; path = Pods_Todoey_Realm.framework; sourceTree = BUILT_PRODUCTS_DIR; };
		562D16DEFACA4E5058BCBB2F /* Pods-Todoey-Realm.release.xcconfig */ = {isa = PBXFileReference; includeInIndex = 1; lastKnownFileType = text.xcconfig; name = "Pods-Todoey-Realm.release.xcconfig"; path = "Target Support Files/Pods-Todoey-Realm/Pods-Todoey-Realm.release.xcconfig"; sourceTree = "<group>"; };
		BE2DEADF28894C820011B82E /* SwipeTableVC.swift */ = {isa = PBXFileReference; lastKnownFileType = sourcecode.swift; path = SwipeTableVC.swift; sourceTree = "<group>"; };
		BE96A47E28880DBC00C1C01D /* Todoey-Realm.app */ = {isa = PBXFileReference; explicitFileType = wrapper.application; includeInIndex = 0; path = "Todoey-Realm.app"; sourceTree = BUILT_PRODUCTS_DIR; };
		BE96A48128880DBC00C1C01D /* AppDelegate.swift */ = {isa = PBXFileReference; lastKnownFileType = sourcecode.swift; path = AppDelegate.swift; sourceTree = "<group>"; };
		BE96A48328880DBC00C1C01D /* SceneDelegate.swift */ = {isa = PBXFileReference; lastKnownFileType = sourcecode.swift; path = SceneDelegate.swift; sourceTree = "<group>"; };
		BE96A48528880DBC00C1C01D /* CategoryTVC.swift */ = {isa = PBXFileReference; lastKnownFileType = sourcecode.swift; path = CategoryTVC.swift; sourceTree = "<group>"; };
		BE96A48828880DBC00C1C01D /* Base */ = {isa = PBXFileReference; lastKnownFileType = file.storyboard; name = Base; path = Base.lproj/Main.storyboard; sourceTree = "<group>"; };
		BE96A48A28880DBE00C1C01D /* Assets.xcassets */ = {isa = PBXFileReference; lastKnownFileType = folder.assetcatalog; path = Assets.xcassets; sourceTree = "<group>"; };
		BE96A48D28880DBE00C1C01D /* Base */ = {isa = PBXFileReference; lastKnownFileType = file.storyboard; name = Base; path = Base.lproj/LaunchScreen.storyboard; sourceTree = "<group>"; };
		BE96A48F28880DBE00C1C01D /* Info.plist */ = {isa = PBXFileReference; lastKnownFileType = text.plist.xml; path = Info.plist; sourceTree = "<group>"; };
		BE96A49728880EB300C1C01D /* TableView.swift */ = {isa = PBXFileReference; lastKnownFileType = sourcecode.swift; path = TableView.swift; sourceTree = "<group>"; };
		BE96A49928880EE800C1C01D /* Consts.swift */ = {isa = PBXFileReference; lastKnownFileType = sourcecode.swift; path = Consts.swift; sourceTree = "<group>"; };
		BE96A4A12888107E00C1C01D /* Item.swift */ = {isa = PBXFileReference; lastKnownFileType = sourcecode.swift; path = Item.swift; sourceTree = "<group>"; };
		BE96A4A32888108600C1C01D /* Category.swift */ = {isa = PBXFileReference; lastKnownFileType = sourcecode.swift; path = Category.swift; sourceTree = "<group>"; };
		EF9577E5E33267417E69417E /* Pods-Todoey-Realm.debug.xcconfig */ = {isa = PBXFileReference; includeInIndex = 1; lastKnownFileType = text.xcconfig; name = "Pods-Todoey-Realm.debug.xcconfig"; path = "Target Support Files/Pods-Todoey-Realm/Pods-Todoey-Realm.debug.xcconfig"; sourceTree = "<group>"; };
/* End PBXFileReference section */

/* Begin PBXFrameworksBuildPhase section */
		BE96A47B28880DBC00C1C01D /* Frameworks */ = {
			isa = PBXFrameworksBuildPhase;
			buildActionMask = 2147483647;
			files = (
				BE96A49F28880FFB00C1C01D /* RealmSwift in Frameworks */,
				BE96A49D28880FFB00C1C01D /* Realm in Frameworks */,
				3984ABB4A537BCE0BBDB0321 /* Pods_Todoey_Realm.framework in Frameworks */,
			);
			runOnlyForDeploymentPostprocessing = 0;
		};
/* End PBXFrameworksBuildPhase section */

/* Begin PBXGroup section */
		94752DE9066DC5028330445D /* Pods */ = {
			isa = PBXGroup;
			children = (
				EF9577E5E33267417E69417E /* Pods-Todoey-Realm.debug.xcconfig */,
				562D16DEFACA4E5058BCBB2F /* Pods-Todoey-Realm.release.xcconfig */,
			);
			path = Pods;
			sourceTree = "<group>";
		};
		BE96A47528880DBC00C1C01D = {
			isa = PBXGroup;
			children = (
				BE96A48028880DBC00C1C01D /* Todoey-Realm */,
				BE96A47F28880DBC00C1C01D /* Products */,
				94752DE9066DC5028330445D /* Pods */,
				BF5371D6C2D74E2B626693D2 /* Frameworks */,
			);
			sourceTree = "<group>";
		};
		BE96A47F28880DBC00C1C01D /* Products */ = {
			isa = PBXGroup;
			children = (
				BE96A47E28880DBC00C1C01D /* Todoey-Realm.app */,
			);
			name = Products;
			sourceTree = "<group>";
		};
		BE96A48028880DBC00C1C01D /* Todoey-Realm */ = {
			isa = PBXGroup;
			children = (
				BE96A48128880DBC00C1C01D /* AppDelegate.swift */,
				BE96A48328880DBC00C1C01D /* SceneDelegate.swift */,
				BE96A49928880EE800C1C01D /* Consts.swift */,
				BE96A4A02888107000C1C01D /* Model */,
				BE96A49628880E9400C1C01D /* Controllers */,
				BE96A49528880DC600C1C01D /* View */,
				BE96A48A28880DBE00C1C01D /* Assets.xcassets */,
				BE96A48C28880DBE00C1C01D /* LaunchScreen.storyboard */,
				BE96A48F28880DBE00C1C01D /* Info.plist */,
			);
			path = "Todoey-Realm";
			sourceTree = "<group>";
		};
		BE96A49528880DC600C1C01D /* View */ = {
			isa = PBXGroup;
			children = (
				BE96A48728880DBC00C1C01D /* Main.storyboard */,
			);
			path = View;
			sourceTree = "<group>";
		};
		BE96A49628880E9400C1C01D /* Controllers */ = {
			isa = PBXGroup;
			children = (
				BE96A48528880DBC00C1C01D /* CategoryTVC.swift */,
				BE96A49728880EB300C1C01D /* TableView.swift */,
				BE2DEADF28894C820011B82E /* SwipeTableVC.swift */,
			);
			path = Controllers;
			sourceTree = "<group>";
		};
		BE96A4A02888107000C1C01D /* Model */ = {
			isa = PBXGroup;
			children = (
				BE96A4A12888107E00C1C01D /* Item.swift */,
				BE96A4A32888108600C1C01D /* Category.swift */,
			);
			path = Model;
			sourceTree = "<group>";
		};
		BF5371D6C2D74E2B626693D2 /* Frameworks */ = {
			isa = PBXGroup;
			children = (
				3E4FFA75E98A3D035F71672A /* Pods_Todoey_Realm.framework */,
			);
			name = Frameworks;
			sourceTree = "<group>";
		};
/* End PBXGroup section */

/* Begin PBXNativeTarget section */
		BE96A47D28880DBC00C1C01D /* Todoey-Realm */ = {
			isa = PBXNativeTarget;
			buildConfigurationList = BE96A49228880DBE00C1C01D /* Build configuration list for PBXNativeTarget "Todoey-Realm" */;
			buildPhases = (
				97F72F25F69BF53909099722 /* [CP] Check Pods Manifest.lock */,
				BE96A47A28880DBC00C1C01D /* Sources */,
				BE96A47B28880DBC00C1C01D /* Frameworks */,
				BE96A47C28880DBC00C1C01D /* Resources */,
				34A954486FC69B6C351502B6 /* [CP] Embed Pods Frameworks */,
			);
			buildRules = (
			);
			dependencies = (
			);
			name = "Todoey-Realm";
			packageProductDependencies = (
				BE96A49C28880FFB00C1C01D /* Realm */,
				BE96A49E28880FFB00C1C01D /* RealmSwift */,
			);
			productName = "Todoey-Realm";
			productReference = BE96A47E28880DBC00C1C01D /* Todoey-Realm.app */;
			productType = "com.apple.product-type.application";
		};
/* End PBXNativeTarget section */

/* Begin PBXProject section */
		BE96A47628880DBC00C1C01D /* Project object */ = {
			isa = PBXProject;
			attributes = {
				BuildIndependentTargetsInParallel = 1;
				LastSwiftUpdateCheck = 1340;
				LastUpgradeCheck = 1340;
				TargetAttributes = {
					BE96A47D28880DBC00C1C01D = {
						CreatedOnToolsVersion = 13.4.1;
					};
				};
			};
			buildConfigurationList = BE96A47928880DBC00C1C01D /* Build configuration list for PBXProject "Todoey-Realm" */;
			compatibilityVersion = "Xcode 13.0";
			developmentRegion = en;
			hasScannedForEncodings = 0;
			knownRegions = (
				en,
				Base,
			);
			mainGroup = BE96A47528880DBC00C1C01D;
			packageReferences = (
				BE96A49B28880FFB00C1C01D /* XCRemoteSwiftPackageReference "realm-swift" */,
			);
			productRefGroup = BE96A47F28880DBC00C1C01D /* Products */;
			projectDirPath = "";
			projectRoot = "";
			targets = (
				BE96A47D28880DBC00C1C01D /* Todoey-Realm */,
			);
		};
/* End PBXProject section */

/* Begin PBXResourcesBuildPhase section */
		BE96A47C28880DBC00C1C01D /* Resources */ = {
			isa = PBXResourcesBuildPhase;
			buildActionMask = 2147483647;
			files = (
				BE96A48E28880DBE00C1C01D /* LaunchScreen.storyboard in Resources */,
				BE96A48B28880DBE00C1C01D /* Assets.xcassets in Resources */,
				BE96A48928880DBC00C1C01D /* Main.storyboard in Resources */,
			);
			runOnlyForDeploymentPostprocessing = 0;
		};
/* End PBXResourcesBuildPhase section */

/* Begin PBXShellScriptBuildPhase section */
		34A954486FC69B6C351502B6 /* [CP] Embed Pods Frameworks */ = {
			isa = PBXShellScriptBuildPhase;
			buildActionMask = 2147483647;
			files = (
			);
			inputFileListPaths = (
				"${PODS_ROOT}/Target Support Files/Pods-Todoey-Realm/Pods-Todoey-Realm-frameworks-${CONFIGURATION}-input-files.xcfilelist",
			);
			name = "[CP] Embed Pods Frameworks";
			outputFileListPaths = (
				"${PODS_ROOT}/Target Support Files/Pods-Todoey-Realm/Pods-Todoey-Realm-frameworks-${CONFIGURATION}-output-files.xcfilelist",
			);
			runOnlyForDeploymentPostprocessing = 0;
			shellPath = /bin/sh;
			shellScript = "\"${PODS_ROOT}/Target Support Files/Pods-Todoey-Realm/Pods-Todoey-Realm-frameworks.sh\"\n";
			showEnvVarsInLog = 0;
		};
		97F72F25F69BF53909099722 /* [CP] Check Pods Manifest.lock */ = {
			isa = PBXShellScriptBuildPhase;
			buildActionMask = 2147483647;
			files = (
			);
			inputFileListPaths = (
			);
			inputPaths = (
				"${PODS_PODFILE_DIR_PATH}/Podfile.lock",
				"${PODS_ROOT}/Manifest.lock",
			);
			name = "[CP] Check Pods Manifest.lock";
			outputFileListPaths = (
			);
			outputPaths = (
				"$(DERIVED_FILE_DIR)/Pods-Todoey-Realm-checkManifestLockResult.txt",
			);
			runOnlyForDeploymentPostprocessing = 0;
			shellPath = /bin/sh;
			shellScript = "diff \"${PODS_PODFILE_DIR_PATH}/Podfile.lock\" \"${PODS_ROOT}/Manifest.lock\" > /dev/null\nif [ $? != 0 ] ; then\n    # print error to STDERR\n    echo \"error: The sandbox is not in sync with the Podfile.lock. Run 'pod install' or update your CocoaPods installation.\" >&2\n    exit 1\nfi\n# This output is used by Xcode 'outputs' to avoid re-running this script phase.\necho \"SUCCESS\" > \"${SCRIPT_OUTPUT_FILE_0}\"\n";
			showEnvVarsInLog = 0;
		};
/* End PBXShellScriptBuildPhase section */

/* Begin PBXSourcesBuildPhase section */
		BE96A47A28880DBC00C1C01D /* Sources */ = {
			isa = PBXSourcesBuildPhase;
			buildActionMask = 2147483647;
			files = (
				BE96A48628880DBC00C1C01D /* CategoryTVC.swift in Sources */,
				BE96A49A28880EE800C1C01D /* Consts.swift in Sources */,
				BE96A49828880EB400C1C01D /* TableView.swift in Sources */,
				BE96A48228880DBC00C1C01D /* AppDelegate.swift in Sources */,
				BE96A4A22888107E00C1C01D /* Item.swift in Sources */,
				BE96A48428880DBC00C1C01D /* SceneDelegate.swift in Sources */,
				BE2DEAE028894C830011B82E /* SwipeTableVC.swift in Sources */,
				BE96A4A42888108600C1C01D /* Category.swift in Sources */,
			);
			runOnlyForDeploymentPostprocessing = 0;
		};
/* End PBXSourcesBuildPhase section */

/* Begin PBXVariantGroup section */
		BE96A48728880DBC00C1C01D /* Main.storyboard */ = {
			isa = PBXVariantGroup;
			children = (
				BE96A48828880DBC00C1C01D /* Base */,
			);
			name = Main.storyboard;
			sourceTree = "<group>";
		};
		BE96A48C28880DBE00C1C01D /* LaunchScreen.storyboard */ = {
			isa = PBXVariantGroup;
			children = (
				BE96A48D28880DBE00C1C01D /* Base */,
			);
			name = LaunchScreen.storyboard;
			sourceTree = "<group>";
		};
/* End PBXVariantGroup section */

/* Begin XCBuildConfiguration section */
		BE96A49028880DBE00C1C01D /* Debug */ = {
			isa = XCBuildConfiguration;
			buildSettings = {
				ALWAYS_SEARCH_USER_PATHS = NO;
				CLANG_ANALYZER_NONNULL = YES;
				CLANG_ANALYZER_NUMBER_OBJECT_CONVERSION = YES_AGGRESSIVE;
				CLANG_CXX_LANGUAGE_STANDARD = "gnu++17";
				CLANG_ENABLE_MODULES = YES;
				CLANG_ENABLE_OBJC_ARC = YES;
				CLANG_ENABLE_OBJC_WEAK = YES;
				CLANG_WARN_BLOCK_CAPTURE_AUTORELEASING = YES;
				CLANG_WARN_BOOL_CONVERSION = YES;
				CLANG_WARN_COMMA = YES;
				CLANG_WARN_CONSTANT_CONVERSION = YES;
				CLANG_WARN_DEPRECATED_OBJC_IMPLEMENTATIONS = YES;
				CLANG_WARN_DIRECT_OBJC_ISA_USAGE = YES_ERROR;
				CLANG_WARN_DOCUMENTATION_COMMENTS = YES;
				CLANG_WARN_EMPTY_BODY = YES;
				CLANG_WARN_ENUM_CONVERSION = YES;
				CLANG_WARN_INFINITE_RECURSION = YES;
				CLANG_WARN_INT_CONVERSION = YES;
				CLANG_WARN_NON_LITERAL_NULL_CONVERSION = YES;
				CLANG_WARN_OBJC_IMPLICIT_RETAIN_SELF = YES;
				CLANG_WARN_OBJC_LITERAL_CONVERSION = YES;
				CLANG_WARN_OBJC_ROOT_CLASS = YES_ERROR;
				CLANG_WARN_QUOTED_INCLUDE_IN_FRAMEWORK_HEADER = YES;
				CLANG_WARN_RANGE_LOOP_ANALYSIS = YES;
				CLANG_WARN_STRICT_PROTOTYPES = YES;
				CLANG_WARN_SUSPICIOUS_MOVE = YES;
				CLANG_WARN_UNGUARDED_AVAILABILITY = YES_AGGRESSIVE;
				CLANG_WARN_UNREACHABLE_CODE = YES;
				CLANG_WARN__DUPLICATE_METHOD_MATCH = YES;
				COPY_PHASE_STRIP = NO;
				DEBUG_INFORMATION_FORMAT = dwarf;
				ENABLE_STRICT_OBJC_MSGSEND = YES;
				ENABLE_TESTABILITY = YES;
				GCC_C_LANGUAGE_STANDARD = gnu11;
				GCC_DYNAMIC_NO_PIC = NO;
				GCC_NO_COMMON_BLOCKS = YES;
				GCC_OPTIMIZATION_LEVEL = 0;
				GCC_PREPROCESSOR_DEFINITIONS = (
					"DEBUG=1",
					"$(inherited)",
				);
				GCC_WARN_64_TO_32_BIT_CONVERSION = YES;
				GCC_WARN_ABOUT_RETURN_TYPE = YES_ERROR;
				GCC_WARN_UNDECLARED_SELECTOR = YES;
				GCC_WARN_UNINITIALIZED_AUTOS = YES_AGGRESSIVE;
				GCC_WARN_UNUSED_FUNCTION = YES;
				GCC_WARN_UNUSED_VARIABLE = YES;
				IPHONEOS_DEPLOYMENT_TARGET = 15.5;
				MTL_ENABLE_DEBUG_INFO = INCLUDE_SOURCE;
				MTL_FAST_MATH = YES;
				ONLY_ACTIVE_ARCH = YES;
				SDKROOT = iphoneos;
				SWIFT_ACTIVE_COMPILATION_CONDITIONS = DEBUG;
				SWIFT_OPTIMIZATION_LEVEL = "-Onone";
			};
			name = Debug;
		};
		BE96A49128880DBE00C1C01D /* Release */ = {
			isa = XCBuildConfiguration;
			buildSettings = {
				ALWAYS_SEARCH_USER_PATHS = NO;
				CLANG_ANALYZER_NONNULL = YES;
				CLANG_ANALYZER_NUMBER_OBJECT_CONVERSION = YES_AGGRESSIVE;
				CLANG_CXX_LANGUAGE_STANDARD = "gnu++17";
				CLANG_ENABLE_MODULES = YES;
				CLANG_ENABLE_OBJC_ARC = YES;
				CLANG_ENABLE_OBJC_WEAK = YES;
				CLANG_WARN_BLOCK_CAPTURE_AUTORELEASING = YES;
				CLANG_WARN_BOOL_CONVERSION = YES;
				CLANG_WARN_COMMA = YES;
				CLANG_WARN_CONSTANT_CONVERSION = YES;
				CLANG_WARN_DEPRECATED_OBJC_IMPLEMENTATIONS = YES;
				CLANG_WARN_DIRECT_OBJC_ISA_USAGE = YES_ERROR;
				CLANG_WARN_DOCUMENTATION_COMMENTS = YES;
				CLANG_WARN_EMPTY_BODY = YES;
				CLANG_WARN_ENUM_CONVERSION = YES;
				CLANG_WARN_INFINITE_RECURSION = YES;
				CLANG_WARN_INT_CONVERSION = YES;
				CLANG_WARN_NON_LITERAL_NULL_CONVERSION = YES;
				CLANG_WARN_OBJC_IMPLICIT_RETAIN_SELF = YES;
				CLANG_WARN_OBJC_LITERAL_CONVERSION = YES;
				CLANG_WARN_OBJC_ROOT_CLASS = YES_ERROR;
				CLANG_WARN_QUOTED_INCLUDE_IN_FRAMEWORK_HEADER = YES;
				CLANG_WARN_RANGE_LOOP_ANALYSIS = YES;
				CLANG_WARN_STRICT_PROTOTYPES = YES;
				CLANG_WARN_SUSPICIOUS_MOVE = YES;
				CLANG_WARN_UNGUARDED_AVAILABILITY = YES_AGGRESSIVE;
				CLANG_WARN_UNREACHABLE_CODE = YES;
				CLANG_WARN__DUPLICATE_METHOD_MATCH = YES;
				COPY_PHASE_STRIP = NO;
				DEBUG_INFORMATION_FORMAT = "dwarf-with-dsym";
				ENABLE_NS_ASSERTIONS = NO;
				ENABLE_STRICT_OBJC_MSGSEND = YES;
				GCC_C_LANGUAGE_STANDARD = gnu11;
				GCC_NO_COMMON_BLOCKS = YES;
				GCC_WARN_64_TO_32_BIT_CONVERSION = YES;
				GCC_WARN_ABOUT_RETURN_TYPE = YES_ERROR;
				GCC_WARN_UNDECLARED_SELECTOR = YES;
				GCC_WARN_UNINITIALIZED_AUTOS = YES_AGGRESSIVE;
				GCC_WARN_UNUSED_FUNCTION = YES;
				GCC_WARN_UNUSED_VARIABLE = YES;
				IPHONEOS_DEPLOYMENT_TARGET = 15.5;
				MTL_ENABLE_DEBUG_INFO = NO;
				MTL_FAST_MATH = YES;
				SDKROOT = iphoneos;
				SWIFT_COMPILATION_MODE = wholemodule;
				SWIFT_OPTIMIZATION_LEVEL = "-O";
				VALIDATE_PRODUCT = YES;
			};
			name = Release;
		};
		BE96A49328880DBE00C1C01D /* Debug */ = {
			isa = XCBuildConfiguration;
			baseConfigurationReference = EF9577E5E33267417E69417E /* Pods-Todoey-Realm.debug.xcconfig */;
			buildSettings = {
				ASSETCATALOG_COMPILER_APPICON_NAME = AppIcon;
				ASSETCATALOG_COMPILER_GLOBAL_ACCENT_COLOR_NAME = AccentColor;
				CODE_SIGN_STYLE = Automatic;
				CURRENT_PROJECT_VERSION = 1;
				DEVELOPMENT_TEAM = 9FL5FRNFVL;
				GENERATE_INFOPLIST_FILE = YES;
				INFOPLIST_FILE = "Todoey-Realm/Info.plist";
				INFOPLIST_KEY_UIApplicationSupportsIndirectInputEvents = YES;
				INFOPLIST_KEY_UILaunchStoryboardName = LaunchScreen;
				INFOPLIST_KEY_UIMainStoryboardFile = Main;
				INFOPLIST_KEY_UISupportedInterfaceOrientations_iPad = "UIInterfaceOrientationPortrait UIInterfaceOrientationPortraitUpsideDown UIInterfaceOrientationLandscapeLeft UIInterfaceOrientationLandscapeRight";
				INFOPLIST_KEY_UISupportedInterfaceOrientations_iPhone = "UIInterfaceOrientationPortrait UIInterfaceOrientationLandscapeLeft UIInterfaceOrientationLandscapeRight";
				IPHONEOS_DEPLOYMENT_TARGET = 13.0;
				LD_RUNPATH_SEARCH_PATHS = (
					"$(inherited)",
					"@executable_path/Frameworks",
				);
				MARKETING_VERSION = 1.0;
				PRODUCT_BUNDLE_IDENTIFIER = "sdox.Todoey-Realm";
				PRODUCT_NAME = "$(TARGET_NAME)";
				SWIFT_EMIT_LOC_STRINGS = YES;
				SWIFT_VERSION = 5.0;
				TARGETED_DEVICE_FAMILY = 1;
			};
			name = Debug;
		};
		BE96A49428880DBE00C1C01D /* Release */ = {
			isa = XCBuildConfiguration;
			baseConfigurationReference = 562D16DEFACA4E5058BCBB2F /* Pods-Todoey-Realm.release.xcconfig */;
			buildSettings = {
				ASSETCATALOG_COMPILER_APPICON_NAME = AppIcon;
				ASSETCATALOG_COMPILER_GLOBAL_ACCENT_COLOR_NAME = AccentColor;
				CODE_SIGN_STYLE = Automatic;
				CURRENT_PROJECT_VERSION = 1;
				DEVELOPMENT_TEAM = 9FL5FRNFVL;
				GENERATE_INFOPLIST_FILE = YES;
				INFOPLIST_FILE = "Todoey-Realm/Info.plist";
				INFOPLIST_KEY_UIApplicationSupportsIndirectInputEvents = YES;
				INFOPLIST_KEY_UILaunchStoryboardName = LaunchScreen;
				INFOPLIST_KEY_UIMainStoryboardFile = Main;
				INFOPLIST_KEY_UISupportedInterfaceOrientations_iPad = "UIInterfaceOrientationPortrait UIInterfaceOrientationPortraitUpsideDown UIInterfaceOrientationLandscapeLeft UIInterfaceOrientationLandscapeRight";
				INFOPLIST_KEY_UISupportedInterfaceOrientations_iPhone = "UIInterfaceOrientationPortrait UIInterfaceOrientationLandscapeLeft UIInterfaceOrientationLandscapeRight";
				IPHONEOS_DEPLOYMENT_TARGET = 13.0;
				LD_RUNPATH_SEARCH_PATHS = (
					"$(inherited)",
					"@executable_path/Frameworks",
				);
				MARKETING_VERSION = 1.0;
				PRODUCT_BUNDLE_IDENTIFIER = "sdox.Todoey-Realm";
				PRODUCT_NAME = "$(TARGET_NAME)";
				SWIFT_EMIT_LOC_STRINGS = YES;
				SWIFT_VERSION = 5.0;
				TARGETED_DEVICE_FAMILY = 1;
			};
			name = Release;
		};
/* End XCBuildConfiguration section */

/* Begin XCConfigurationList section */
		BE96A47928880DBC00C1C01D /* Build configuration list for PBXProject "Todoey-Realm" */ = {
			isa = XCConfigurationList;
			buildConfigurations = (
				BE96A49028880DBE00C1C01D /* Debug */,
				BE96A49128880DBE00C1C01D /* Release */,
			);
			defaultConfigurationIsVisible = 0;
			defaultConfigurationName = Release;
		};
		BE96A49228880DBE00C1C01D /* Build configuration list for PBXNativeTarget "Todoey-Realm" */ = {
			isa = XCConfigurationList;
			buildConfigurations = (
				BE96A49328880DBE00C1C01D /* Debug */,
				BE96A49428880DBE00C1C01D /* Release */,
			);
			defaultConfigurationIsVisible = 0;
			defaultConfigurationName = Release;
		};
/* End XCConfigurationList section */

/* Begin XCRemoteSwiftPackageReference section */
		BE96A49B28880FFB00C1C01D /* XCRemoteSwiftPackageReference "realm-swift" */ = {
			isa = XCRemoteSwiftPackageReference;
			repositoryURL = "https://github.com/realm/realm-swift.git";
			requirement = {
				kind = upToNextMajorVersion;
				minimumVersion = 10.28.2;
			};
		};
/* End XCRemoteSwiftPackageReference section */

/* Begin XCSwiftPackageProductDependency section */
		BE96A49C28880FFB00C1C01D /* Realm */ = {
			isa = XCSwiftPackageProductDependency;
			package = BE96A49B28880FFB00C1C01D /* XCRemoteSwiftPackageReference "realm-swift" */;
			productName = Realm;
		};
		BE96A49E28880FFB00C1C01D /* RealmSwift */ = {
			isa = XCSwiftPackageProductDependency;
			package = BE96A49B28880FFB00C1C01D /* XCRemoteSwiftPackageReference "realm-swift" */;
			productName = RealmSwift;
		};
/* End XCSwiftPackageProductDependency section */
	};
	rootObject = BE96A47628880DBC00C1C01D /* Project object */;
}
